// !$*UTF8*$!
{
	archiveVersion = 1;
	classes = {
	};
	objectVersion = 56;
	objects = {

/* Begin PBXBuildFile section */
		7DF778002C283FA700D47B5C /* AppDelegate.swift in Sources */ = {isa = PBXBuildFile; fileRef = 7DF777FF2C283FA700D47B5C /* AppDelegate.swift */; };
		7DF778022C283FA700D47B5C /* SceneDelegate.swift in Sources */ = {isa = PBXBuildFile; fileRef = 7DF778012C283FA700D47B5C /* SceneDelegate.swift */; };
		7DF778042C283FA700D47B5C /* ViewController.swift in Sources */ = {isa = PBXBuildFile; fileRef = 7DF778032C283FA700D47B5C /* ViewController.swift */; };
		7DF778072C283FA700D47B5C /* Base in Resources */ = {isa = PBXBuildFile; fileRef = 7DF778062C283FA700D47B5C /* Base */; };
		7DF778092C283FA900D47B5C /* Assets.xcassets in Resources */ = {isa = PBXBuildFile; fileRef = 7DF778082C283FA900D47B5C /* Assets.xcassets */; };
		7DF7780C2C283FA900D47B5C /* Base in Resources */ = {isa = PBXBuildFile; fileRef = 7DF7780B2C283FA900D47B5C /* Base */; };
		7DF7782B2C28433200D47B5C /* EssentialFeed.framework in Frameworks */ = {isa = PBXBuildFile; fileRef = 7DF778292C28433200D47B5C /* EssentialFeed.framework */; };
		7DF7782C2C28433200D47B5C /* EssentialFeed.framework in Embed Frameworks */ = {isa = PBXBuildFile; fileRef = 7DF778292C28433200D47B5C /* EssentialFeed.framework */; settings = {ATTRIBUTES = (CodeSignOnCopy, RemoveHeadersOnCopy, ); }; };
		7DF7782D2C28433200D47B5C /* EssentialFeediOS.framework in Frameworks */ = {isa = PBXBuildFile; fileRef = 7DF7782A2C28433200D47B5C /* EssentialFeediOS.framework */; };
		7DF7782E2C28433200D47B5C /* EssentialFeediOS.framework in Embed Frameworks */ = {isa = PBXBuildFile; fileRef = 7DF7782A2C28433200D47B5C /* EssentialFeediOS.framework */; settings = {ATTRIBUTES = (CodeSignOnCopy, RemoveHeadersOnCopy, ); }; };
		7DF7783E2C2BD92400D47B5C /* FeedLoaderWithFallbackCompositeTests.swift in Sources */ = {isa = PBXBuildFile; fileRef = 7DF7783D2C2BD92400D47B5C /* FeedLoaderWithFallbackCompositeTests.swift */; };
		7DF778402C2BE1D400D47B5C /* FeedLoaderWithFallbackComposite.swift in Sources */ = {isa = PBXBuildFile; fileRef = 7DF7783F2C2BE1D300D47B5C /* FeedLoaderWithFallbackComposite.swift */; };
		7DF778422C2BE40F00D47B5C /* FeedImageDataLoaderWithFallbackCompositeTests.swift in Sources */ = {isa = PBXBuildFile; fileRef = 7DF778412C2BE40F00D47B5C /* FeedImageDataLoaderWithFallbackCompositeTests.swift */; };
		7DF778442C2BE7B200D47B5C /* FeedImageDataLoaderWithFallbackComposite.swift in Sources */ = {isa = PBXBuildFile; fileRef = 7DF778432C2BE7B200D47B5C /* FeedImageDataLoaderWithFallbackComposite.swift */; };
		7DF778472C2BE81800D47B5C /* XCTestCase+MemoryLeakTracking.swift in Sources */ = {isa = PBXBuildFile; fileRef = 7DF778462C2BE81800D47B5C /* XCTestCase+MemoryLeakTracking.swift */; };
		7DF778492C2BE87500D47B5C /* SharedTestHelpers.swift in Sources */ = {isa = PBXBuildFile; fileRef = 7DF778482C2BE87500D47B5C /* SharedTestHelpers.swift */; };
		7DF7784B2C2BF1D300D47B5C /* FeedLoaderCacheDecoratorTests.swift in Sources */ = {isa = PBXBuildFile; fileRef = 7DF7784A2C2BF1D300D47B5C /* FeedLoaderCacheDecoratorTests.swift */; };
		7DF7784D2C2BF37700D47B5C /* FeedLoaderStub.swift in Sources */ = {isa = PBXBuildFile; fileRef = 7DF7784C2C2BF37700D47B5C /* FeedLoaderStub.swift */; };
		7DF7784F2C2BF45500D47B5C /* XCTestCase+FeedLoader.swift in Sources */ = {isa = PBXBuildFile; fileRef = 7DF7784E2C2BF45500D47B5C /* XCTestCase+FeedLoader.swift */; };
		7DF778532C2BFA1100D47B5C /* FeedLoaderCacheDecorator.swift in Sources */ = {isa = PBXBuildFile; fileRef = 7DF778522C2BFA1100D47B5C /* FeedLoaderCacheDecorator.swift */; };
		7DF778552C2BFAF100D47B5C /* FeedImageDataLoaderCacheDecoratorTests.swift in Sources */ = {isa = PBXBuildFile; fileRef = 7DF778542C2BFAF100D47B5C /* FeedImageDataLoaderCacheDecoratorTests.swift */; };
		7DF778572C2BFB6600D47B5C /* FeedImageDataLoaderSpy.swift in Sources */ = {isa = PBXBuildFile; fileRef = 7DF778562C2BFB6600D47B5C /* FeedImageDataLoaderSpy.swift */; };
		7DF778592C2BFC0C00D47B5C /* XCTestCase+FeedImageDataLoader.swift in Sources */ = {isa = PBXBuildFile; fileRef = 7DF778582C2BFC0C00D47B5C /* XCTestCase+FeedImageDataLoader.swift */; };
		7DF7785D2C2BFDF900D47B5C /* FeedImageDataLoaderCacheDecorator.swift in Sources */ = {isa = PBXBuildFile; fileRef = 7DF7785C2C2BFDF900D47B5C /* FeedImageDataLoaderCacheDecorator.swift */; };
		7DF778652C2C33E600D47B5C /* EssentialAppUIAcceptanceTests.swift in Sources */ = {isa = PBXBuildFile; fileRef = 7DF778642C2C33E600D47B5C /* EssentialAppUIAcceptanceTests.swift */; };
		7DF7786E2C2C3C4700D47B5C /* DebuggingSceneDelegate.swift in Sources */ = {isa = PBXBuildFile; fileRef = 7DF7786D2C2C3C4700D47B5C /* DebuggingSceneDelegate.swift */; };
		7DF778702C2C413F00D47B5C /* SceneDelegateTests.swift in Sources */ = {isa = PBXBuildFile; fileRef = 7DF7786F2C2C413F00D47B5C /* SceneDelegateTests.swift */; };
		7DF778772C2C455800D47B5C /* FeedUIComposer.swift in Sources */ = {isa = PBXBuildFile; fileRef = 7DF778762C2C455800D47B5C /* FeedUIComposer.swift */; };
		7DF778782C2C455800D47B5C /* WeakRefVirtualProxy.swift in Sources */ = {isa = PBXBuildFile; fileRef = 7DF778722C2C455800D47B5C /* WeakRefVirtualProxy.swift */; };
		7DF778792C2C455800D47B5C /* FeedImageDataLoaderPresentationAdapter.swift in Sources */ = {isa = PBXBuildFile; fileRef = 7DF778742C2C455800D47B5C /* FeedImageDataLoaderPresentationAdapter.swift */; };
		7DF7787A2C2C455800D47B5C /* FeedViewAdapter.swift in Sources */ = {isa = PBXBuildFile; fileRef = 7DF778732C2C455800D47B5C /* FeedViewAdapter.swift */; };
		7DF7787B2C2C455800D47B5C /* MainQueueDispatchDecorator.swift in Sources */ = {isa = PBXBuildFile; fileRef = 7DF778752C2C455800D47B5C /* MainQueueDispatchDecorator.swift */; };
		7DF7787C2C2C455800D47B5C /* FeedLoaderPresentationAdapter.swift in Sources */ = {isa = PBXBuildFile; fileRef = 7DF778712C2C455700D47B5C /* FeedLoaderPresentationAdapter.swift */; };
		7DF778842C2C45DD00D47B5C /* UIButton+TestHelpers.swift in Sources */ = {isa = PBXBuildFile; fileRef = 7DF7787E2C2C45DD00D47B5C /* UIButton+TestHelpers.swift */; };
		7DF778852C2C45DD00D47B5C /* FeedImageCell+TestHelpers.swift in Sources */ = {isa = PBXBuildFile; fileRef = 7DF7787F2C2C45DD00D47B5C /* FeedImageCell+TestHelpers.swift */; };
		7DF778862C2C45DD00D47B5C /* UIRefreshControl+TestHelpers.swift in Sources */ = {isa = PBXBuildFile; fileRef = 7DF778802C2C45DD00D47B5C /* UIRefreshControl+TestHelpers.swift */; };
		7DF778872C2C45DD00D47B5C /* FeedViewController+TestHelpers.swift in Sources */ = {isa = PBXBuildFile; fileRef = 7DF778822C2C45DD00D47B5C /* FeedViewController+TestHelpers.swift */; };
		7DF778882C2C45DD00D47B5C /* UIImage+TestHelpers.swift in Sources */ = {isa = PBXBuildFile; fileRef = 7DF778812C2C45DD00D47B5C /* UIImage+TestHelpers.swift */; };
		7DF778892C2C45DD00D47B5C /* FeedViewControllerTests+Localization.swift in Sources */ = {isa = PBXBuildFile; fileRef = 7DF778832C2C45DD00D47B5C /* FeedViewControllerTests+Localization.swift */; };
		7DF7788A2C2C45DD00D47B5C /* FeedUIIntegrationTests+LoaderSpy.swift in Sources */ = {isa = PBXBuildFile; fileRef = 7DF7787D2C2C45DD00D47B5C /* FeedUIIntegrationTests+LoaderSpy.swift */; };
		7DF7788C2C2C460D00D47B5C /* FeedUIIntegrationTests.swift in Sources */ = {isa = PBXBuildFile; fileRef = 7DF7788B2C2C460D00D47B5C /* FeedUIIntegrationTests.swift */; };
/* End PBXBuildFile section */

/* Begin PBXContainerItemProxy section */
		7DF778382C2BD75D00D47B5C /* PBXContainerItemProxy */ = {
			isa = PBXContainerItemProxy;
			containerPortal = 7DF777F42C283FA700D47B5C /* Project object */;
			proxyType = 1;
			remoteGlobalIDString = 7DF777FB2C283FA700D47B5C;
			remoteInfo = EssentialApp;
		};
		7DF778682C2C33E600D47B5C /* PBXContainerItemProxy */ = {
			isa = PBXContainerItemProxy;
			containerPortal = 7DF777F42C283FA700D47B5C /* Project object */;
			proxyType = 1;
			remoteGlobalIDString = 7DF777FB2C283FA700D47B5C;
			remoteInfo = EssentialApp;
		};
/* End PBXContainerItemProxy section */

/* Begin PBXCopyFilesBuildPhase section */
		7DF7782F2C28433200D47B5C /* Embed Frameworks */ = {
			isa = PBXCopyFilesBuildPhase;
			buildActionMask = 2147483647;
			dstPath = "";
			dstSubfolderSpec = 10;
			files = (
				7DF7782C2C28433200D47B5C /* EssentialFeed.framework in Embed Frameworks */,
				7DF7782E2C28433200D47B5C /* EssentialFeediOS.framework in Embed Frameworks */,
			);
			name = "Embed Frameworks";
			runOnlyForDeploymentPostprocessing = 0;
		};
/* End PBXCopyFilesBuildPhase section */

/* Begin PBXFileReference section */
		7DF777FC2C283FA700D47B5C /* EssentialApp.app */ = {isa = PBXFileReference; explicitFileType = wrapper.application; includeInIndex = 0; path = EssentialApp.app; sourceTree = BUILT_PRODUCTS_DIR; };
		7DF777FF2C283FA700D47B5C /* AppDelegate.swift */ = {isa = PBXFileReference; lastKnownFileType = sourcecode.swift; path = AppDelegate.swift; sourceTree = "<group>"; };
		7DF778012C283FA700D47B5C /* SceneDelegate.swift */ = {isa = PBXFileReference; lastKnownFileType = sourcecode.swift; path = SceneDelegate.swift; sourceTree = "<group>"; };
		7DF778032C283FA700D47B5C /* ViewController.swift */ = {isa = PBXFileReference; lastKnownFileType = sourcecode.swift; path = ViewController.swift; sourceTree = "<group>"; };
		7DF778062C283FA700D47B5C /* Base */ = {isa = PBXFileReference; lastKnownFileType = file.storyboard; name = Base; path = Base.lproj/Main.storyboard; sourceTree = "<group>"; };
		7DF778082C283FA900D47B5C /* Assets.xcassets */ = {isa = PBXFileReference; lastKnownFileType = folder.assetcatalog; path = Assets.xcassets; sourceTree = "<group>"; };
		7DF7780B2C283FA900D47B5C /* Base */ = {isa = PBXFileReference; lastKnownFileType = file.storyboard; name = Base; path = Base.lproj/LaunchScreen.storyboard; sourceTree = "<group>"; };
		7DF7780D2C283FA900D47B5C /* Info.plist */ = {isa = PBXFileReference; lastKnownFileType = text.plist.xml; path = Info.plist; sourceTree = "<group>"; };
		7DF778292C28433200D47B5C /* EssentialFeed.framework */ = {isa = PBXFileReference; explicitFileType = wrapper.framework; path = EssentialFeed.framework; sourceTree = BUILT_PRODUCTS_DIR; };
		7DF7782A2C28433200D47B5C /* EssentialFeediOS.framework */ = {isa = PBXFileReference; explicitFileType = wrapper.framework; path = EssentialFeediOS.framework; sourceTree = BUILT_PRODUCTS_DIR; };
		7DF778342C2BD75D00D47B5C /* EssentialAppTests.xctest */ = {isa = PBXFileReference; explicitFileType = wrapper.cfbundle; includeInIndex = 0; path = EssentialAppTests.xctest; sourceTree = BUILT_PRODUCTS_DIR; };
		7DF7783D2C2BD92400D47B5C /* FeedLoaderWithFallbackCompositeTests.swift */ = {isa = PBXFileReference; lastKnownFileType = sourcecode.swift; path = FeedLoaderWithFallbackCompositeTests.swift; sourceTree = "<group>"; };
		7DF7783F2C2BE1D300D47B5C /* FeedLoaderWithFallbackComposite.swift */ = {isa = PBXFileReference; lastKnownFileType = sourcecode.swift; path = FeedLoaderWithFallbackComposite.swift; sourceTree = "<group>"; };
		7DF778412C2BE40F00D47B5C /* FeedImageDataLoaderWithFallbackCompositeTests.swift */ = {isa = PBXFileReference; lastKnownFileType = sourcecode.swift; path = FeedImageDataLoaderWithFallbackCompositeTests.swift; sourceTree = "<group>"; };
		7DF778432C2BE7B200D47B5C /* FeedImageDataLoaderWithFallbackComposite.swift */ = {isa = PBXFileReference; lastKnownFileType = sourcecode.swift; path = FeedImageDataLoaderWithFallbackComposite.swift; sourceTree = "<group>"; };
		7DF778462C2BE81800D47B5C /* XCTestCase+MemoryLeakTracking.swift */ = {isa = PBXFileReference; lastKnownFileType = sourcecode.swift; path = "XCTestCase+MemoryLeakTracking.swift"; sourceTree = "<group>"; };
		7DF778482C2BE87500D47B5C /* SharedTestHelpers.swift */ = {isa = PBXFileReference; lastKnownFileType = sourcecode.swift; path = SharedTestHelpers.swift; sourceTree = "<group>"; };
		7DF7784A2C2BF1D300D47B5C /* FeedLoaderCacheDecoratorTests.swift */ = {isa = PBXFileReference; lastKnownFileType = sourcecode.swift; path = FeedLoaderCacheDecoratorTests.swift; sourceTree = "<group>"; };
		7DF7784C2C2BF37700D47B5C /* FeedLoaderStub.swift */ = {isa = PBXFileReference; lastKnownFileType = sourcecode.swift; path = FeedLoaderStub.swift; sourceTree = "<group>"; };
		7DF7784E2C2BF45500D47B5C /* XCTestCase+FeedLoader.swift */ = {isa = PBXFileReference; lastKnownFileType = sourcecode.swift; path = "XCTestCase+FeedLoader.swift"; sourceTree = "<group>"; };
		7DF778522C2BFA1100D47B5C /* FeedLoaderCacheDecorator.swift */ = {isa = PBXFileReference; lastKnownFileType = sourcecode.swift; path = FeedLoaderCacheDecorator.swift; sourceTree = "<group>"; };
		7DF778542C2BFAF100D47B5C /* FeedImageDataLoaderCacheDecoratorTests.swift */ = {isa = PBXFileReference; lastKnownFileType = sourcecode.swift; path = FeedImageDataLoaderCacheDecoratorTests.swift; sourceTree = "<group>"; };
		7DF778562C2BFB6600D47B5C /* FeedImageDataLoaderSpy.swift */ = {isa = PBXFileReference; lastKnownFileType = sourcecode.swift; path = FeedImageDataLoaderSpy.swift; sourceTree = "<group>"; };
		7DF778582C2BFC0C00D47B5C /* XCTestCase+FeedImageDataLoader.swift */ = {isa = PBXFileReference; lastKnownFileType = sourcecode.swift; path = "XCTestCase+FeedImageDataLoader.swift"; sourceTree = "<group>"; };
		7DF7785C2C2BFDF900D47B5C /* FeedImageDataLoaderCacheDecorator.swift */ = {isa = PBXFileReference; lastKnownFileType = sourcecode.swift; path = FeedImageDataLoaderCacheDecorator.swift; sourceTree = "<group>"; };
		7DF778622C2C33E600D47B5C /* EssentialAppUIAcceptanceTests.xctest */ = {isa = PBXFileReference; explicitFileType = wrapper.cfbundle; includeInIndex = 0; path = EssentialAppUIAcceptanceTests.xctest; sourceTree = BUILT_PRODUCTS_DIR; };
		7DF778642C2C33E600D47B5C /* EssentialAppUIAcceptanceTests.swift */ = {isa = PBXFileReference; lastKnownFileType = sourcecode.swift; path = EssentialAppUIAcceptanceTests.swift; sourceTree = "<group>"; };
		7DF7786D2C2C3C4700D47B5C /* DebuggingSceneDelegate.swift */ = {isa = PBXFileReference; lastKnownFileType = sourcecode.swift; path = DebuggingSceneDelegate.swift; sourceTree = "<group>"; };
		7DF7786F2C2C413F00D47B5C /* SceneDelegateTests.swift */ = {isa = PBXFileReference; lastKnownFileType = sourcecode.swift; path = SceneDelegateTests.swift; sourceTree = "<group>"; };
		7DF778712C2C455700D47B5C /* FeedLoaderPresentationAdapter.swift */ = {isa = PBXFileReference; lastKnownFileType = sourcecode.swift; path = FeedLoaderPresentationAdapter.swift; sourceTree = "<group>"; };
		7DF778722C2C455800D47B5C /* WeakRefVirtualProxy.swift */ = {isa = PBXFileReference; lastKnownFileType = sourcecode.swift; path = WeakRefVirtualProxy.swift; sourceTree = "<group>"; };
		7DF778732C2C455800D47B5C /* FeedViewAdapter.swift */ = {isa = PBXFileReference; lastKnownFileType = sourcecode.swift; path = FeedViewAdapter.swift; sourceTree = "<group>"; };
		7DF778742C2C455800D47B5C /* FeedImageDataLoaderPresentationAdapter.swift */ = {isa = PBXFileReference; lastKnownFileType = sourcecode.swift; path = FeedImageDataLoaderPresentationAdapter.swift; sourceTree = "<group>"; };
		7DF778752C2C455800D47B5C /* MainQueueDispatchDecorator.swift */ = {isa = PBXFileReference; lastKnownFileType = sourcecode.swift; path = MainQueueDispatchDecorator.swift; sourceTree = "<group>"; };
		7DF778762C2C455800D47B5C /* FeedUIComposer.swift */ = {isa = PBXFileReference; lastKnownFileType = sourcecode.swift; path = FeedUIComposer.swift; sourceTree = "<group>"; };
		7DF7787D2C2C45DD00D47B5C /* FeedUIIntegrationTests+LoaderSpy.swift */ = {isa = PBXFileReference; lastKnownFileType = sourcecode.swift; path = "FeedUIIntegrationTests+LoaderSpy.swift"; sourceTree = "<group>"; };
		7DF7787E2C2C45DD00D47B5C /* UIButton+TestHelpers.swift */ = {isa = PBXFileReference; lastKnownFileType = sourcecode.swift; path = "UIButton+TestHelpers.swift"; sourceTree = "<group>"; };
		7DF7787F2C2C45DD00D47B5C /* FeedImageCell+TestHelpers.swift */ = {isa = PBXFileReference; lastKnownFileType = sourcecode.swift; path = "FeedImageCell+TestHelpers.swift"; sourceTree = "<group>"; };
		7DF778802C2C45DD00D47B5C /* UIRefreshControl+TestHelpers.swift */ = {isa = PBXFileReference; lastKnownFileType = sourcecode.swift; path = "UIRefreshControl+TestHelpers.swift"; sourceTree = "<group>"; };
		7DF778812C2C45DD00D47B5C /* UIImage+TestHelpers.swift */ = {isa = PBXFileReference; lastKnownFileType = sourcecode.swift; path = "UIImage+TestHelpers.swift"; sourceTree = "<group>"; };
		7DF778822C2C45DD00D47B5C /* FeedViewController+TestHelpers.swift */ = {isa = PBXFileReference; lastKnownFileType = sourcecode.swift; path = "FeedViewController+TestHelpers.swift"; sourceTree = "<group>"; };
		7DF778832C2C45DD00D47B5C /* FeedViewControllerTests+Localization.swift */ = {isa = PBXFileReference; lastKnownFileType = sourcecode.swift; path = "FeedViewControllerTests+Localization.swift"; sourceTree = "<group>"; };
		7DF7788B2C2C460D00D47B5C /* FeedUIIntegrationTests.swift */ = {isa = PBXFileReference; lastKnownFileType = sourcecode.swift; path = FeedUIIntegrationTests.swift; sourceTree = "<group>"; };
/* End PBXFileReference section */

/* Begin PBXFrameworksBuildPhase section */
		7DF777F92C283FA700D47B5C /* Frameworks */ = {
			isa = PBXFrameworksBuildPhase;
			buildActionMask = 2147483647;
			files = (
				7DF7782B2C28433200D47B5C /* EssentialFeed.framework in Frameworks */,
				7DF7782D2C28433200D47B5C /* EssentialFeediOS.framework in Frameworks */,
			);
			runOnlyForDeploymentPostprocessing = 0;
		};
		7DF778312C2BD75D00D47B5C /* Frameworks */ = {
			isa = PBXFrameworksBuildPhase;
			buildActionMask = 2147483647;
			files = (
			);
			runOnlyForDeploymentPostprocessing = 0;
		};
		7DF7785F2C2C33E600D47B5C /* Frameworks */ = {
			isa = PBXFrameworksBuildPhase;
			buildActionMask = 2147483647;
			files = (
			);
			runOnlyForDeploymentPostprocessing = 0;
		};
/* End PBXFrameworksBuildPhase section */

/* Begin PBXGroup section */
		7DF777F32C283FA700D47B5C = {
			isa = PBXGroup;
			children = (
				7DF777FE2C283FA700D47B5C /* EssentialApp */,
				7DF778352C2BD75D00D47B5C /* EssentialAppTests */,
				7DF778632C2C33E600D47B5C /* EssentialAppUIAcceptanceTests */,
				7DF777FD2C283FA700D47B5C /* Products */,
				7DF778282C28433200D47B5C /* Frameworks */,
			);
			sourceTree = "<group>";
		};
		7DF777FD2C283FA700D47B5C /* Products */ = {
			isa = PBXGroup;
			children = (
				7DF777FC2C283FA700D47B5C /* EssentialApp.app */,
				7DF778342C2BD75D00D47B5C /* EssentialAppTests.xctest */,
				7DF778622C2C33E600D47B5C /* EssentialAppUIAcceptanceTests.xctest */,
			);
			name = Products;
			sourceTree = "<group>";
		};
		7DF777FE2C283FA700D47B5C /* EssentialApp */ = {
			isa = PBXGroup;
			children = (
				7DF777FF2C283FA700D47B5C /* AppDelegate.swift */,
				7DF778012C283FA700D47B5C /* SceneDelegate.swift */,
				7DF7786D2C2C3C4700D47B5C /* DebuggingSceneDelegate.swift */,
				7DF778032C283FA700D47B5C /* ViewController.swift */,
				7DF778762C2C455800D47B5C /* FeedUIComposer.swift */,
				7DF778752C2C455800D47B5C /* MainQueueDispatchDecorator.swift */,
				7DF778722C2C455800D47B5C /* WeakRefVirtualProxy.swift */,
				7DF778742C2C455800D47B5C /* FeedImageDataLoaderPresentationAdapter.swift */,
				7DF778712C2C455700D47B5C /* FeedLoaderPresentationAdapter.swift */,
				7DF778732C2C455800D47B5C /* FeedViewAdapter.swift */,
				7DF7783F2C2BE1D300D47B5C /* FeedLoaderWithFallbackComposite.swift */,
				7DF778432C2BE7B200D47B5C /* FeedImageDataLoaderWithFallbackComposite.swift */,
				7DF778522C2BFA1100D47B5C /* FeedLoaderCacheDecorator.swift */,
				7DF7785C2C2BFDF900D47B5C /* FeedImageDataLoaderCacheDecorator.swift */,
				7DF778052C283FA700D47B5C /* Main.storyboard */,
				7DF778082C283FA900D47B5C /* Assets.xcassets */,
				7DF7780A2C283FA900D47B5C /* LaunchScreen.storyboard */,
				7DF7780D2C283FA900D47B5C /* Info.plist */,
			);
			path = EssentialApp;
			sourceTree = "<group>";
		};
		7DF778282C28433200D47B5C /* Frameworks */ = {
			isa = PBXGroup;
			children = (
				7DF778292C28433200D47B5C /* EssentialFeed.framework */,
				7DF7782A2C28433200D47B5C /* EssentialFeediOS.framework */,
			);
			name = Frameworks;
			sourceTree = "<group>";
		};
		7DF778352C2BD75D00D47B5C /* EssentialAppTests */ = {
			isa = PBXGroup;
			children = (
				7DF778452C2BE80300D47B5C /* Helpers */,
				7DF7788B2C2C460D00D47B5C /* FeedUIIntegrationTests.swift */,
				7DF7783D2C2BD92400D47B5C /* FeedLoaderWithFallbackCompositeTests.swift */,
				7DF778412C2BE40F00D47B5C /* FeedImageDataLoaderWithFallbackCompositeTests.swift */,
				7DF7784A2C2BF1D300D47B5C /* FeedLoaderCacheDecoratorTests.swift */,
				7DF778542C2BFAF100D47B5C /* FeedImageDataLoaderCacheDecoratorTests.swift */,
				7DF7786F2C2C413F00D47B5C /* SceneDelegateTests.swift */,
			);
			path = EssentialAppTests;
			sourceTree = "<group>";
		};
		7DF778452C2BE80300D47B5C /* Helpers */ = {
			isa = PBXGroup;
			children = (
				7DF778822C2C45DD00D47B5C /* FeedViewController+TestHelpers.swift */,
				7DF778832C2C45DD00D47B5C /* FeedViewControllerTests+Localization.swift */,
				7DF7787F2C2C45DD00D47B5C /* FeedImageCell+TestHelpers.swift */,
				7DF7787D2C2C45DD00D47B5C /* FeedUIIntegrationTests+LoaderSpy.swift */,
				7DF778812C2C45DD00D47B5C /* UIImage+TestHelpers.swift */,
				7DF778802C2C45DD00D47B5C /* UIRefreshControl+TestHelpers.swift */,
				7DF7787E2C2C45DD00D47B5C /* UIButton+TestHelpers.swift */,
				7DF778462C2BE81800D47B5C /* XCTestCase+MemoryLeakTracking.swift */,
				7DF778482C2BE87500D47B5C /* SharedTestHelpers.swift */,
				7DF7784C2C2BF37700D47B5C /* FeedLoaderStub.swift */,
				7DF7784E2C2BF45500D47B5C /* XCTestCase+FeedLoader.swift */,
				7DF778562C2BFB6600D47B5C /* FeedImageDataLoaderSpy.swift */,
				7DF778582C2BFC0C00D47B5C /* XCTestCase+FeedImageDataLoader.swift */,
			);
			path = Helpers;
			sourceTree = "<group>";
		};
		7DF778632C2C33E600D47B5C /* EssentialAppUIAcceptanceTests */ = {
			isa = PBXGroup;
			children = (
				7DF778642C2C33E600D47B5C /* EssentialAppUIAcceptanceTests.swift */,
			);
			path = EssentialAppUIAcceptanceTests;
			sourceTree = "<group>";
		};
/* End PBXGroup section */

/* Begin PBXNativeTarget section */
		7DF777FB2C283FA700D47B5C /* EssentialApp */ = {
			isa = PBXNativeTarget;
			buildConfigurationList = 7DF778102C283FA900D47B5C /* Build configuration list for PBXNativeTarget "EssentialApp" */;
			buildPhases = (
				7DF777F82C283FA700D47B5C /* Sources */,
				7DF777F92C283FA700D47B5C /* Frameworks */,
				7DF777FA2C283FA700D47B5C /* Resources */,
				7DF7782F2C28433200D47B5C /* Embed Frameworks */,
			);
			buildRules = (
			);
			dependencies = (
			);
			name = EssentialApp;
			productName = EssentialApp;
			productReference = 7DF777FC2C283FA700D47B5C /* EssentialApp.app */;
			productType = "com.apple.product-type.application";
		};
		7DF778332C2BD75D00D47B5C /* EssentialAppTests */ = {
			isa = PBXNativeTarget;
			buildConfigurationList = 7DF7783A2C2BD75D00D47B5C /* Build configuration list for PBXNativeTarget "EssentialAppTests" */;
			buildPhases = (
				7DF778302C2BD75D00D47B5C /* Sources */,
				7DF778312C2BD75D00D47B5C /* Frameworks */,
				7DF778322C2BD75D00D47B5C /* Resources */,
			);
			buildRules = (
			);
			dependencies = (
				7DF778392C2BD75D00D47B5C /* PBXTargetDependency */,
			);
			name = EssentialAppTests;
			productName = EssentialAppTests;
			productReference = 7DF778342C2BD75D00D47B5C /* EssentialAppTests.xctest */;
			productType = "com.apple.product-type.bundle.unit-test";
		};
		7DF778612C2C33E600D47B5C /* EssentialAppUIAcceptanceTests */ = {
			isa = PBXNativeTarget;
			buildConfigurationList = 7DF7786C2C2C33E600D47B5C /* Build configuration list for PBXNativeTarget "EssentialAppUIAcceptanceTests" */;
			buildPhases = (
				7DF7785E2C2C33E600D47B5C /* Sources */,
				7DF7785F2C2C33E600D47B5C /* Frameworks */,
				7DF778602C2C33E600D47B5C /* Resources */,
			);
			buildRules = (
			);
			dependencies = (
				7DF778692C2C33E600D47B5C /* PBXTargetDependency */,
			);
			name = EssentialAppUIAcceptanceTests;
			productName = EssentialAppUIAcceptanceTests;
			productReference = 7DF778622C2C33E600D47B5C /* EssentialAppUIAcceptanceTests.xctest */;
			productType = "com.apple.product-type.bundle.ui-testing";
		};
/* End PBXNativeTarget section */

/* Begin PBXProject section */
		7DF777F42C283FA700D47B5C /* Project object */ = {
			isa = PBXProject;
			attributes = {
				BuildIndependentTargetsInParallel = 1;
				LastSwiftUpdateCheck = 1530;
				LastUpgradeCheck = 1530;
				TargetAttributes = {
					7DF777FB2C283FA700D47B5C = {
						CreatedOnToolsVersion = 15.3;
					};
					7DF778332C2BD75D00D47B5C = {
						CreatedOnToolsVersion = 15.3;
						LastSwiftMigration = 1530;
						TestTargetID = 7DF777FB2C283FA700D47B5C;
					};
					7DF778612C2C33E600D47B5C = {
						CreatedOnToolsVersion = 15.3;
						TestTargetID = 7DF777FB2C283FA700D47B5C;
					};
				};
			};
			buildConfigurationList = 7DF777F72C283FA700D47B5C /* Build configuration list for PBXProject "EssentialApp" */;
			compatibilityVersion = "Xcode 14.0";
			developmentRegion = en;
			hasScannedForEncodings = 0;
			knownRegions = (
				en,
				Base,
			);
			mainGroup = 7DF777F32C283FA700D47B5C;
			productRefGroup = 7DF777FD2C283FA700D47B5C /* Products */;
			projectDirPath = "";
			projectRoot = "";
			targets = (
				7DF777FB2C283FA700D47B5C /* EssentialApp */,
				7DF778332C2BD75D00D47B5C /* EssentialAppTests */,
				7DF778612C2C33E600D47B5C /* EssentialAppUIAcceptanceTests */,
			);
		};
/* End PBXProject section */

/* Begin PBXResourcesBuildPhase section */
		7DF777FA2C283FA700D47B5C /* Resources */ = {
			isa = PBXResourcesBuildPhase;
			buildActionMask = 2147483647;
			files = (
				7DF778092C283FA900D47B5C /* Assets.xcassets in Resources */,
				7DF7780C2C283FA900D47B5C /* Base in Resources */,
				7DF778072C283FA700D47B5C /* Base in Resources */,
			);
			runOnlyForDeploymentPostprocessing = 0;
		};
		7DF778322C2BD75D00D47B5C /* Resources */ = {
			isa = PBXResourcesBuildPhase;
			buildActionMask = 2147483647;
			files = (
			);
			runOnlyForDeploymentPostprocessing = 0;
		};
		7DF778602C2C33E600D47B5C /* Resources */ = {
			isa = PBXResourcesBuildPhase;
			buildActionMask = 2147483647;
			files = (
			);
			runOnlyForDeploymentPostprocessing = 0;
		};
/* End PBXResourcesBuildPhase section */

/* Begin PBXSourcesBuildPhase section */
		7DF777F82C283FA700D47B5C /* Sources */ = {
			isa = PBXSourcesBuildPhase;
			buildActionMask = 2147483647;
			files = (
				7DF778042C283FA700D47B5C /* ViewController.swift in Sources */,
				7DF778772C2C455800D47B5C /* FeedUIComposer.swift in Sources */,
				7DF778782C2C455800D47B5C /* WeakRefVirtualProxy.swift in Sources */,
				7DF778002C283FA700D47B5C /* AppDelegate.swift in Sources */,
				7DF7787A2C2C455800D47B5C /* FeedViewAdapter.swift in Sources */,
				7DF7787B2C2C455800D47B5C /* MainQueueDispatchDecorator.swift in Sources */,
				7DF778402C2BE1D400D47B5C /* FeedLoaderWithFallbackComposite.swift in Sources */,
				7DF778532C2BFA1100D47B5C /* FeedLoaderCacheDecorator.swift in Sources */,
				7DF7786E2C2C3C4700D47B5C /* DebuggingSceneDelegate.swift in Sources */,
				7DF778022C283FA700D47B5C /* SceneDelegate.swift in Sources */,
				7DF778442C2BE7B200D47B5C /* FeedImageDataLoaderWithFallbackComposite.swift in Sources */,
				7DF778792C2C455800D47B5C /* FeedImageDataLoaderPresentationAdapter.swift in Sources */,
				7DF7787C2C2C455800D47B5C /* FeedLoaderPresentationAdapter.swift in Sources */,
				7DF7785D2C2BFDF900D47B5C /* FeedImageDataLoaderCacheDecorator.swift in Sources */,
			);
			runOnlyForDeploymentPostprocessing = 0;
		};
		7DF778302C2BD75D00D47B5C /* Sources */ = {
			isa = PBXSourcesBuildPhase;
			buildActionMask = 2147483647;
			files = (
				7DF778492C2BE87500D47B5C /* SharedTestHelpers.swift in Sources */,
				7DF778552C2BFAF100D47B5C /* FeedImageDataLoaderCacheDecoratorTests.swift in Sources */,
				7DF7784F2C2BF45500D47B5C /* XCTestCase+FeedLoader.swift in Sources */,
				7DF778882C2C45DD00D47B5C /* UIImage+TestHelpers.swift in Sources */,
				7DF778592C2BFC0C00D47B5C /* XCTestCase+FeedImageDataLoader.swift in Sources */,
				7DF778702C2C413F00D47B5C /* SceneDelegateTests.swift in Sources */,
				7DF778842C2C45DD00D47B5C /* UIButton+TestHelpers.swift in Sources */,
				7DF7784B2C2BF1D300D47B5C /* FeedLoaderCacheDecoratorTests.swift in Sources */,
				7DF778572C2BFB6600D47B5C /* FeedImageDataLoaderSpy.swift in Sources */,
				7DF778422C2BE40F00D47B5C /* FeedImageDataLoaderWithFallbackCompositeTests.swift in Sources */,
				7DF778852C2C45DD00D47B5C /* FeedImageCell+TestHelpers.swift in Sources */,
				7DF7783E2C2BD92400D47B5C /* FeedLoaderWithFallbackCompositeTests.swift in Sources */,
				7DF7788A2C2C45DD00D47B5C /* FeedUIIntegrationTests+LoaderSpy.swift in Sources */,
				7DF778862C2C45DD00D47B5C /* UIRefreshControl+TestHelpers.swift in Sources */,
				7DF7784D2C2BF37700D47B5C /* FeedLoaderStub.swift in Sources */,
				7DF778872C2C45DD00D47B5C /* FeedViewController+TestHelpers.swift in Sources */,
				7DF778892C2C45DD00D47B5C /* FeedViewControllerTests+Localization.swift in Sources */,
				7DF7788C2C2C460D00D47B5C /* FeedUIIntegrationTests.swift in Sources */,
				7DF778472C2BE81800D47B5C /* XCTestCase+MemoryLeakTracking.swift in Sources */,
			);
			runOnlyForDeploymentPostprocessing = 0;
		};
		7DF7785E2C2C33E600D47B5C /* Sources */ = {
			isa = PBXSourcesBuildPhase;
			buildActionMask = 2147483647;
			files = (
				7DF778652C2C33E600D47B5C /* EssentialAppUIAcceptanceTests.swift in Sources */,
			);
			runOnlyForDeploymentPostprocessing = 0;
		};
/* End PBXSourcesBuildPhase section */

/* Begin PBXTargetDependency section */
		7DF778392C2BD75D00D47B5C /* PBXTargetDependency */ = {
			isa = PBXTargetDependency;
			target = 7DF777FB2C283FA700D47B5C /* EssentialApp */;
			targetProxy = 7DF778382C2BD75D00D47B5C /* PBXContainerItemProxy */;
		};
		7DF778692C2C33E600D47B5C /* PBXTargetDependency */ = {
			isa = PBXTargetDependency;
			target = 7DF777FB2C283FA700D47B5C /* EssentialApp */;
			targetProxy = 7DF778682C2C33E600D47B5C /* PBXContainerItemProxy */;
		};
/* End PBXTargetDependency section */

/* Begin PBXVariantGroup section */
		7DF778052C283FA700D47B5C /* Main.storyboard */ = {
			isa = PBXVariantGroup;
			children = (
				7DF778062C283FA700D47B5C /* Base */,
			);
			name = Main.storyboard;
			sourceTree = "<group>";
		};
		7DF7780A2C283FA900D47B5C /* LaunchScreen.storyboard */ = {
			isa = PBXVariantGroup;
			children = (
				7DF7780B2C283FA900D47B5C /* Base */,
			);
			name = LaunchScreen.storyboard;
			sourceTree = "<group>";
		};
/* End PBXVariantGroup section */

/* Begin XCBuildConfiguration section */
		7DF7780E2C283FA900D47B5C /* Debug */ = {
			isa = XCBuildConfiguration;
			buildSettings = {
				ALWAYS_SEARCH_USER_PATHS = NO;
				ASSETCATALOG_COMPILER_GENERATE_SWIFT_ASSET_SYMBOL_EXTENSIONS = YES;
				CLANG_ANALYZER_NONNULL = YES;
				CLANG_ANALYZER_NUMBER_OBJECT_CONVERSION = YES_AGGRESSIVE;
				CLANG_CXX_LANGUAGE_STANDARD = "gnu++20";
				CLANG_ENABLE_MODULES = YES;
				CLANG_ENABLE_OBJC_ARC = YES;
				CLANG_ENABLE_OBJC_WEAK = YES;
				CLANG_WARN_BLOCK_CAPTURE_AUTORELEASING = YES;
				CLANG_WARN_BOOL_CONVERSION = YES;
				CLANG_WARN_COMMA = YES;
				CLANG_WARN_CONSTANT_CONVERSION = YES;
				CLANG_WARN_DEPRECATED_OBJC_IMPLEMENTATIONS = YES;
				CLANG_WARN_DIRECT_OBJC_ISA_USAGE = YES_ERROR;
				CLANG_WARN_DOCUMENTATION_COMMENTS = YES;
				CLANG_WARN_EMPTY_BODY = YES;
				CLANG_WARN_ENUM_CONVERSION = YES;
				CLANG_WARN_INFINITE_RECURSION = YES;
				CLANG_WARN_INT_CONVERSION = YES;
				CLANG_WARN_NON_LITERAL_NULL_CONVERSION = YES;
				CLANG_WARN_OBJC_IMPLICIT_RETAIN_SELF = YES;
				CLANG_WARN_OBJC_LITERAL_CONVERSION = YES;
				CLANG_WARN_OBJC_ROOT_CLASS = YES_ERROR;
				CLANG_WARN_QUOTED_INCLUDE_IN_FRAMEWORK_HEADER = YES;
				CLANG_WARN_RANGE_LOOP_ANALYSIS = YES;
				CLANG_WARN_STRICT_PROTOTYPES = YES;
				CLANG_WARN_SUSPICIOUS_MOVE = YES;
				CLANG_WARN_UNGUARDED_AVAILABILITY = YES_AGGRESSIVE;
				CLANG_WARN_UNREACHABLE_CODE = YES;
				CLANG_WARN__DUPLICATE_METHOD_MATCH = YES;
				COPY_PHASE_STRIP = NO;
				DEBUG_INFORMATION_FORMAT = dwarf;
				ENABLE_STRICT_OBJC_MSGSEND = YES;
				ENABLE_TESTABILITY = YES;
				ENABLE_USER_SCRIPT_SANDBOXING = YES;
				GCC_C_LANGUAGE_STANDARD = gnu17;
				GCC_DYNAMIC_NO_PIC = NO;
				GCC_NO_COMMON_BLOCKS = YES;
				GCC_OPTIMIZATION_LEVEL = 0;
				GCC_PREPROCESSOR_DEFINITIONS = (
					"DEBUG=1",
					"$(inherited)",
				);
				GCC_WARN_64_TO_32_BIT_CONVERSION = YES;
				GCC_WARN_ABOUT_RETURN_TYPE = YES_ERROR;
				GCC_WARN_UNDECLARED_SELECTOR = YES;
				GCC_WARN_UNINITIALIZED_AUTOS = YES_AGGRESSIVE;
				GCC_WARN_UNUSED_FUNCTION = YES;
				GCC_WARN_UNUSED_VARIABLE = YES;
				IPHONEOS_DEPLOYMENT_TARGET = 17.4;
				LOCALIZATION_PREFERS_STRING_CATALOGS = YES;
				MTL_ENABLE_DEBUG_INFO = INCLUDE_SOURCE;
				MTL_FAST_MATH = YES;
				ONLY_ACTIVE_ARCH = YES;
				SDKROOT = iphoneos;
				SWIFT_ACTIVE_COMPILATION_CONDITIONS = "DEBUG $(inherited)";
				SWIFT_OPTIMIZATION_LEVEL = "-Onone";
			};
			name = Debug;
		};
		7DF7780F2C283FA900D47B5C /* Release */ = {
			isa = XCBuildConfiguration;
			buildSettings = {
				ALWAYS_SEARCH_USER_PATHS = NO;
				ASSETCATALOG_COMPILER_GENERATE_SWIFT_ASSET_SYMBOL_EXTENSIONS = YES;
				CLANG_ANALYZER_NONNULL = YES;
				CLANG_ANALYZER_NUMBER_OBJECT_CONVERSION = YES_AGGRESSIVE;
				CLANG_CXX_LANGUAGE_STANDARD = "gnu++20";
				CLANG_ENABLE_MODULES = YES;
				CLANG_ENABLE_OBJC_ARC = YES;
				CLANG_ENABLE_OBJC_WEAK = YES;
				CLANG_WARN_BLOCK_CAPTURE_AUTORELEASING = YES;
				CLANG_WARN_BOOL_CONVERSION = YES;
				CLANG_WARN_COMMA = YES;
				CLANG_WARN_CONSTANT_CONVERSION = YES;
				CLANG_WARN_DEPRECATED_OBJC_IMPLEMENTATIONS = YES;
				CLANG_WARN_DIRECT_OBJC_ISA_USAGE = YES_ERROR;
				CLANG_WARN_DOCUMENTATION_COMMENTS = YES;
				CLANG_WARN_EMPTY_BODY = YES;
				CLANG_WARN_ENUM_CONVERSION = YES;
				CLANG_WARN_INFINITE_RECURSION = YES;
				CLANG_WARN_INT_CONVERSION = YES;
				CLANG_WARN_NON_LITERAL_NULL_CONVERSION = YES;
				CLANG_WARN_OBJC_IMPLICIT_RETAIN_SELF = YES;
				CLANG_WARN_OBJC_LITERAL_CONVERSION = YES;
				CLANG_WARN_OBJC_ROOT_CLASS = YES_ERROR;
				CLANG_WARN_QUOTED_INCLUDE_IN_FRAMEWORK_HEADER = YES;
				CLANG_WARN_RANGE_LOOP_ANALYSIS = YES;
				CLANG_WARN_STRICT_PROTOTYPES = YES;
				CLANG_WARN_SUSPICIOUS_MOVE = YES;
				CLANG_WARN_UNGUARDED_AVAILABILITY = YES_AGGRESSIVE;
				CLANG_WARN_UNREACHABLE_CODE = YES;
				CLANG_WARN__DUPLICATE_METHOD_MATCH = YES;
				COPY_PHASE_STRIP = NO;
				DEBUG_INFORMATION_FORMAT = "dwarf-with-dsym";
				ENABLE_NS_ASSERTIONS = NO;
				ENABLE_STRICT_OBJC_MSGSEND = YES;
				ENABLE_USER_SCRIPT_SANDBOXING = YES;
				GCC_C_LANGUAGE_STANDARD = gnu17;
				GCC_NO_COMMON_BLOCKS = YES;
				GCC_WARN_64_TO_32_BIT_CONVERSION = YES;
				GCC_WARN_ABOUT_RETURN_TYPE = YES_ERROR;
				GCC_WARN_UNDECLARED_SELECTOR = YES;
				GCC_WARN_UNINITIALIZED_AUTOS = YES_AGGRESSIVE;
				GCC_WARN_UNUSED_FUNCTION = YES;
				GCC_WARN_UNUSED_VARIABLE = YES;
				IPHONEOS_DEPLOYMENT_TARGET = 17.4;
				LOCALIZATION_PREFERS_STRING_CATALOGS = YES;
				MTL_ENABLE_DEBUG_INFO = NO;
				MTL_FAST_MATH = YES;
				SDKROOT = iphoneos;
				SWIFT_COMPILATION_MODE = wholemodule;
				VALIDATE_PRODUCT = YES;
			};
			name = Release;
		};
		7DF778112C283FA900D47B5C /* Debug */ = {
			isa = XCBuildConfiguration;
			buildSettings = {
				ASSETCATALOG_COMPILER_APPICON_NAME = AppIcon;
				ASSETCATALOG_COMPILER_GLOBAL_ACCENT_COLOR_NAME = AccentColor;
				CODE_SIGN_STYLE = Automatic;
				CURRENT_PROJECT_VERSION = 1;
				GENERATE_INFOPLIST_FILE = YES;
				INFOPLIST_FILE = EssentialApp/Info.plist;
				INFOPLIST_KEY_UIApplicationSupportsIndirectInputEvents = YES;
				INFOPLIST_KEY_UILaunchStoryboardName = LaunchScreen;
				INFOPLIST_KEY_UIMainStoryboardFile = Main;
				INFOPLIST_KEY_UISupportedInterfaceOrientations = UIInterfaceOrientationPortrait;
				INFOPLIST_KEY_UISupportedInterfaceOrientations_iPad = "UIInterfaceOrientationPortrait UIInterfaceOrientationPortraitUpsideDown";
				LD_RUNPATH_SEARCH_PATHS = (
					"$(inherited)",
					"@executable_path/Frameworks",
				);
				MARKETING_VERSION = 1.0;
				PRODUCT_BUNDLE_IDENTIFIER = com.ank.EssentialApp;
				PRODUCT_NAME = "$(TARGET_NAME)";
				SWIFT_EMIT_LOC_STRINGS = YES;
				SWIFT_VERSION = 5.0;
				TARGETED_DEVICE_FAMILY = "1,2";
			};
			name = Debug;
		};
		7DF778122C283FA900D47B5C /* Release */ = {
			isa = XCBuildConfiguration;
			buildSettings = {
				ASSETCATALOG_COMPILER_APPICON_NAME = AppIcon;
				ASSETCATALOG_COMPILER_GLOBAL_ACCENT_COLOR_NAME = AccentColor;
				CODE_SIGN_STYLE = Automatic;
				CURRENT_PROJECT_VERSION = 1;
				GENERATE_INFOPLIST_FILE = YES;
				INFOPLIST_FILE = EssentialApp/Info.plist;
				INFOPLIST_KEY_UIApplicationSupportsIndirectInputEvents = YES;
				INFOPLIST_KEY_UILaunchStoryboardName = LaunchScreen;
				INFOPLIST_KEY_UIMainStoryboardFile = Main;
				INFOPLIST_KEY_UISupportedInterfaceOrientations = UIInterfaceOrientationPortrait;
				INFOPLIST_KEY_UISupportedInterfaceOrientations_iPad = "UIInterfaceOrientationPortrait UIInterfaceOrientationPortraitUpsideDown";
				LD_RUNPATH_SEARCH_PATHS = (
					"$(inherited)",
					"@executable_path/Frameworks",
				);
				MARKETING_VERSION = 1.0;
				PRODUCT_BUNDLE_IDENTIFIER = com.ank.EssentialApp;
				PRODUCT_NAME = "$(TARGET_NAME)";
				SWIFT_EMIT_LOC_STRINGS = YES;
				SWIFT_VERSION = 5.0;
				TARGETED_DEVICE_FAMILY = "1,2";
			};
			name = Release;
		};
		7DF7783B2C2BD75D00D47B5C /* Debug */ = {
			isa = XCBuildConfiguration;
			buildSettings = {
				BUNDLE_LOADER = "$(TEST_HOST)";
				CLANG_ENABLE_MODULES = YES;
				CODE_SIGN_STYLE = Automatic;
				CURRENT_PROJECT_VERSION = 1;
				GENERATE_INFOPLIST_FILE = YES;
				MARKETING_VERSION = 1.0;
				PRODUCT_BUNDLE_IDENTIFIER = com.ank.EssentialAppTests;
				PRODUCT_NAME = "$(TARGET_NAME)";
				SWIFT_EMIT_LOC_STRINGS = NO;
				SWIFT_OPTIMIZATION_LEVEL = "-Onone";
				SWIFT_VERSION = 5.0;
				TARGETED_DEVICE_FAMILY = "1,2";
				TEST_HOST = "$(BUILT_PRODUCTS_DIR)/EssentialApp.app/$(BUNDLE_EXECUTABLE_FOLDER_PATH)/EssentialApp";
			};
			name = Debug;
		};
		7DF7783C2C2BD75D00D47B5C /* Release */ = {
			isa = XCBuildConfiguration;
			buildSettings = {
				BUNDLE_LOADER = "$(TEST_HOST)";
				CLANG_ENABLE_MODULES = YES;
				CODE_SIGN_STYLE = Automatic;
				CURRENT_PROJECT_VERSION = 1;
				GENERATE_INFOPLIST_FILE = YES;
				MARKETING_VERSION = 1.0;
				PRODUCT_BUNDLE_IDENTIFIER = com.ank.EssentialAppTests;
				PRODUCT_NAME = "$(TARGET_NAME)";
				SWIFT_EMIT_LOC_STRINGS = NO;
				SWIFT_VERSION = 5.0;
				TARGETED_DEVICE_FAMILY = "1,2";
				TEST_HOST = "$(BUILT_PRODUCTS_DIR)/EssentialApp.app/$(BUNDLE_EXECUTABLE_FOLDER_PATH)/EssentialApp";
			};
			name = Release;
		};
		7DF7786A2C2C33E600D47B5C /* Debug */ = {
			isa = XCBuildConfiguration;
			buildSettings = {
				CODE_SIGN_STYLE = Automatic;
				CURRENT_PROJECT_VERSION = 1;
				GENERATE_INFOPLIST_FILE = YES;
				MARKETING_VERSION = 1.0;
				PRODUCT_BUNDLE_IDENTIFIER = com.ank.EssentialAppUIAcceptanceTests;
				PRODUCT_NAME = "$(TARGET_NAME)";
				SWIFT_EMIT_LOC_STRINGS = NO;
				SWIFT_VERSION = 5.0;
				TARGETED_DEVICE_FAMILY = "1,2";
				TEST_TARGET_NAME = EssentialApp;
			};
			name = Debug;
		};
		7DF7786B2C2C33E600D47B5C /* Release */ = {
			isa = XCBuildConfiguration;
			buildSettings = {
				CODE_SIGN_STYLE = Automatic;
				CURRENT_PROJECT_VERSION = 1;
				GENERATE_INFOPLIST_FILE = YES;
				MARKETING_VERSION = 1.0;
				PRODUCT_BUNDLE_IDENTIFIER = com.ank.EssentialAppUIAcceptanceTests;
				PRODUCT_NAME = "$(TARGET_NAME)";
				SWIFT_EMIT_LOC_STRINGS = NO;
				SWIFT_VERSION = 5.0;
				TARGETED_DEVICE_FAMILY = "1,2";
				TEST_TARGET_NAME = EssentialApp;
			};
			name = Release;
		};
/* End XCBuildConfiguration section */

/* Begin XCConfigurationList section */
		7DF777F72C283FA700D47B5C /* Build configuration list for PBXProject "EssentialApp" */ = {
			isa = XCConfigurationList;
			buildConfigurations = (
				7DF7780E2C283FA900D47B5C /* Debug */,
				7DF7780F2C283FA900D47B5C /* Release */,
			);
			defaultConfigurationIsVisible = 0;
			defaultConfigurationName = Release;
		};
		7DF778102C283FA900D47B5C /* Build configuration list for PBXNativeTarget "EssentialApp" */ = {
			isa = XCConfigurationList;
			buildConfigurations = (
				7DF778112C283FA900D47B5C /* Debug */,
				7DF778122C283FA900D47B5C /* Release */,
			);
			defaultConfigurationIsVisible = 0;
			defaultConfigurationName = Release;
		};
		7DF7783A2C2BD75D00D47B5C /* Build configuration list for PBXNativeTarget "EssentialAppTests" */ = {
			isa = XCConfigurationList;
			buildConfigurations = (
				7DF7783B2C2BD75D00D47B5C /* Debug */,
				7DF7783C2C2BD75D00D47B5C /* Release */,
			);
			defaultConfigurationIsVisible = 0;
			defaultConfigurationName = Release;
		};
		7DF7786C2C2C33E600D47B5C /* Build configuration list for PBXNativeTarget "EssentialAppUIAcceptanceTests" */ = {
			isa = XCConfigurationList;
			buildConfigurations = (
				7DF7786A2C2C33E600D47B5C /* Debug */,
				7DF7786B2C2C33E600D47B5C /* Release */,
			);
			defaultConfigurationIsVisible = 0;
			defaultConfigurationName = Release;
		};
/* End XCConfigurationList section */
	};
	rootObject = 7DF777F42C283FA700D47B5C /* Project object */;
}
